
Microsoft Visual Studio Solution File, Format Version 12.00
# Visual Studio Version 16
VisualStudioVersion = 16.0.30517.126
MinimumVisualStudioVersion = 10.0.40219.1
Project("{FAE04EC0-301F-11D3-BF4B-00C04F79EFBC}") = "Curve Fitting", "Curve Fitting\Curve Fitting.csproj", "{EDC44F8A-DEE0-4E82-A44D-B66210BAA2B0}"
EndProject
Global
	GlobalSection(SolutionConfigurationPlatforms) = preSolution
		Debug|Any CPU = Debug|Any CPU
		Release|Any CPU = Release|Any CPU
	EndGlobalSection
	GlobalSection(ProjectConfigurationPlatforms) = postSolution
		{EDC44F8A-DEE0-4E82-A44D-B66210BAA2B0}.Debug|Any CPU.ActiveCfg = Debug|Any CPU
		{EDC44F8A-DEE0-4E82-A44D-B66210BAA2B0}.Debug|Any CPU.Build.0 = Debug|Any CPU
		{EDC44F8A-DEE0-4E82-A44D-B66210BAA2B0}.Release|Any CPU.ActiveCfg = Release|Any CPU
		{EDC44F8A-DEE0-4E82-A44D-B66210BAA2B0}.Release|Any CPU.Build.0 = Release|Any CPU
	EndGlobalSection
	GlobalSection(SolutionProperties) = preSolution
		HideSolutionNode = FALSE
	EndGlobalSection
	GlobalSection(ExtensibilityGlobals) = postSolution
		SolutionGuid = {45EDC258-411B-4F38-AD0D-2A7201AEA193}
	EndGlobalSection
EndGlobal
